
Microsoft Visual Studio Solution File, Format Version 12.00
# Visual Studio Version 16
VisualStudioVersion = 16.0.29613.14
MinimumVisualStudioVersion = 10.0.40219.1
Project("{FAE04EC0-301F-11D3-BF4B-00C04F79EFBC}") = "POsite", "POsite\POsite.csproj", "{3B4DEDD9-03CC-4D7F-80D1-28BC8F15C579}"
EndProject
Global
	GlobalSection(SolutionConfigurationPlatforms) = preSolution
		Debug|Any CPU = Debug|Any CPU
		Release|Any CPU = Release|Any CPU
	EndGlobalSection
	GlobalSection(ProjectConfigurationPlatforms) = postSolution
		{3B4DEDD9-03CC-4D7F-80D1-28BC8F15C579}.Debug|Any CPU.ActiveCfg = Debug|Any CPU
		{3B4DEDD9-03CC-4D7F-80D1-28BC8F15C579}.Debug|Any CPU.Build.0 = Debug|Any CPU
		{3B4DEDD9-03CC-4D7F-80D1-28BC8F15C579}.Release|Any CPU.ActiveCfg = Release|Any CPU
		{3B4DEDD9-03CC-4D7F-80D1-28BC8F15C579}.Release|Any CPU.Build.0 = Release|Any CPU
	EndGlobalSection
	GlobalSection(SolutionProperties) = preSolution
		HideSolutionNode = FALSE
	EndGlobalSection
	GlobalSection(ExtensibilityGlobals) = postSolution
		SolutionGuid = {E26DF985-1113-42EB-A068-9EC233382631}
	EndGlobalSection
EndGlobal
